
Microsoft Visual Studio Solution File, Format Version 12.00
# Visual Studio Version 16
VisualStudioVersion = 16.0.29009.5
MinimumVisualStudioVersion = 10.0.40219.1
Project("{2150E333-8FDC-42A3-9474-1A3956D46DE8}") = "001-Common", "001-Common", "{E42EFEC0-D457-45D4-B3A3-B94EEA58EE70}"
EndProject
Project("{2150E333-8FDC-42A3-9474-1A3956D46DE8}") = "002-Base", "002-Base", "{954F5D4F-83BB-4C60-A3FA-F667A2CEFA45}"
EndProject
Project("{2150E333-8FDC-42A3-9474-1A3956D46DE8}") = "003-DataTranferObject", "003-DataTranferObject", "{61AA9EFF-24E2-4AE9-AF4B-A426C0F4DC2A}"
EndProject
Project("{2150E333-8FDC-42A3-9474-1A3956D46DE8}") = "004-Entities", "004-Entities", "{0C0F53C2-D2F4-46DE-87FF-99AB7C1E85BF}"
EndProject
Project("{2150E333-8FDC-42A3-9474-1A3956D46DE8}") = "005-Repository", "005-Repository", "{65F74794-FACF-4C04-9F96-DAAD8B40EA8B}"
EndProject
Project("{2150E333-8FDC-42A3-9474-1A3956D46DE8}") = "006-Business", "006-Business", "{59F3285A-8389-4662-ABFB-6E70B72F0522}"
EndProject
Project("{2150E333-8FDC-42A3-9474-1A3956D46DE8}") = "007-Service", "007-Service", "{26073B76-45B4-467E-B9DC-C6995BDC46F3}"
EndProject
Project("{9A19103F-16F7-4668-BE54-9A1E7A4F7556}") = "Demo.Service", "Demo.Service\Demo.Service.csproj", "{FB22BC32-BA36-4EB8-BD3D-440D495DEBFE}"
EndProject
Project("{9A19103F-16F7-4668-BE54-9A1E7A4F7556}") = "Demo.IBusiness", "Demo.IBusiness\Demo.IBusiness.csproj", "{C5BBD5C0-6B38-451A-85DC-2E5FD31CAA40}"
EndProject
Project("{9A19103F-16F7-4668-BE54-9A1E7A4F7556}") = "Demo.Business", "Demo.Business\Demo.Business.csproj", "{DB115ACF-88FE-4888-9F34-4FF7658DC388}"
EndProject
Project("{9A19103F-16F7-4668-BE54-9A1E7A4F7556}") = "OrleansWebCore", "OrleansWebCore\OrleansWebCore.csproj", "{1E8B264E-D593-41C3-9307-3CB418868349}"
EndProject
Project("{9A19103F-16F7-4668-BE54-9A1E7A4F7556}") = "Demo.DashboardService", "Demo.DashboardService\Demo.DashboardService.csproj", "{B57CE2F4-39F6-4C27-ACF7-10BA22504D7B}"
EndProject
Project("{9A19103F-16F7-4668-BE54-9A1E7A4F7556}") = "Demo.Entities", "Demo.Entities\Demo.Entities.csproj", "{B96CDBAC-F3A9-4B32-816C-7D56AA362103}"
EndProject
Project("{9A19103F-16F7-4668-BE54-9A1E7A4F7556}") = "Demo.DataTranferObject", "Demo.DataTranferObject\Demo.DataTranferObject.csproj", "{406FC91E-C6E0-4A18-8707-027BC1F4E74B}"
EndProject
Project("{9A19103F-16F7-4668-BE54-9A1E7A4F7556}") = "Demo.Repository", "Demo.Repository\Demo.Repository.csproj", "{43439790-B99F-49D3-B870-506667D50012}"
EndProject
Global
	GlobalSection(SolutionConfigurationPlatforms) = preSolution
		Debug|Any CPU = Debug|Any CPU
		Release|Any CPU = Release|Any CPU
	EndGlobalSection
	GlobalSection(ProjectConfigurationPlatforms) = postSolution
		{FB22BC32-BA36-4EB8-BD3D-440D495DEBFE}.Debug|Any CPU.ActiveCfg = Debug|Any CPU
		{FB22BC32-BA36-4EB8-BD3D-440D495DEBFE}.Debug|Any CPU.Build.0 = Debug|Any CPU
		{FB22BC32-BA36-4EB8-BD3D-440D495DEBFE}.Release|Any CPU.ActiveCfg = Release|Any CPU
		{FB22BC32-BA36-4EB8-BD3D-440D495DEBFE}.Release|Any CPU.Build.0 = Release|Any CPU
		{C5BBD5C0-6B38-451A-85DC-2E5FD31CAA40}.Debug|Any CPU.ActiveCfg = Debug|Any CPU
		{C5BBD5C0-6B38-451A-85DC-2E5FD31CAA40}.Debug|Any CPU.Build.0 = Debug|Any CPU
		{C5BBD5C0-6B38-451A-85DC-2E5FD31CAA40}.Release|Any CPU.ActiveCfg = Release|Any CPU
		{C5BBD5C0-6B38-451A-85DC-2E5FD31CAA40}.Release|Any CPU.Build.0 = Release|Any CPU
		{DB115ACF-88FE-4888-9F34-4FF7658DC388}.Debug|Any CPU.ActiveCfg = Debug|Any CPU
		{DB115ACF-88FE-4888-9F34-4FF7658DC388}.Debug|Any CPU.Build.0 = Debug|Any CPU
		{DB115ACF-88FE-4888-9F34-4FF7658DC388}.Release|Any CPU.ActiveCfg = Release|Any CPU
		{DB115ACF-88FE-4888-9F34-4FF7658DC388}.Release|Any CPU.Build.0 = Release|Any CPU
		{1E8B264E-D593-41C3-9307-3CB418868349}.Debug|Any CPU.ActiveCfg = Debug|Any CPU
		{1E8B264E-D593-41C3-9307-3CB418868349}.Debug|Any CPU.Build.0 = Debug|Any CPU
		{1E8B264E-D593-41C3-9307-3CB418868349}.Release|Any CPU.ActiveCfg = Release|Any CPU
		{1E8B264E-D593-41C3-9307-3CB418868349}.Release|Any CPU.Build.0 = Release|Any CPU
		{B57CE2F4-39F6-4C27-ACF7-10BA22504D7B}.Debug|Any CPU.ActiveCfg = Debug|Any CPU
		{B57CE2F4-39F6-4C27-ACF7-10BA22504D7B}.Debug|Any CPU.Build.0 = Debug|Any CPU
		{B57CE2F4-39F6-4C27-ACF7-10BA22504D7B}.Release|Any CPU.ActiveCfg = Release|Any CPU
		{B57CE2F4-39F6-4C27-ACF7-10BA22504D7B}.Release|Any CPU.Build.0 = Release|Any CPU
		{B96CDBAC-F3A9-4B32-816C-7D56AA362103}.Debug|Any CPU.ActiveCfg = Debug|Any CPU
		{B96CDBAC-F3A9-4B32-816C-7D56AA362103}.Debug|Any CPU.Build.0 = Debug|Any CPU
		{B96CDBAC-F3A9-4B32-816C-7D56AA362103}.Release|Any CPU.ActiveCfg = Release|Any CPU
		{B96CDBAC-F3A9-4B32-816C-7D56AA362103}.Release|Any CPU.Build.0 = Release|Any CPU
		{406FC91E-C6E0-4A18-8707-027BC1F4E74B}.Debug|Any CPU.ActiveCfg = Debug|Any CPU
		{406FC91E-C6E0-4A18-8707-027BC1F4E74B}.Debug|Any CPU.Build.0 = Debug|Any CPU
		{406FC91E-C6E0-4A18-8707-027BC1F4E74B}.Release|Any CPU.ActiveCfg = Release|Any CPU
		{406FC91E-C6E0-4A18-8707-027BC1F4E74B}.Release|Any CPU.Build.0 = Release|Any CPU
		{43439790-B99F-49D3-B870-506667D50012}.Debug|Any CPU.ActiveCfg = Debug|Any CPU
		{43439790-B99F-49D3-B870-506667D50012}.Debug|Any CPU.Build.0 = Debug|Any CPU
		{43439790-B99F-49D3-B870-506667D50012}.Release|Any CPU.ActiveCfg = Release|Any CPU
		{43439790-B99F-49D3-B870-506667D50012}.Release|Any CPU.Build.0 = Release|Any CPU
	EndGlobalSection
	GlobalSection(SolutionProperties) = preSolution
		HideSolutionNode = FALSE
	EndGlobalSection
	GlobalSection(NestedProjects) = preSolution
		{FB22BC32-BA36-4EB8-BD3D-440D495DEBFE} = {26073B76-45B4-467E-B9DC-C6995BDC46F3}
		{C5BBD5C0-6B38-451A-85DC-2E5FD31CAA40} = {59F3285A-8389-4662-ABFB-6E70B72F0522}
		{DB115ACF-88FE-4888-9F34-4FF7658DC388} = {59F3285A-8389-4662-ABFB-6E70B72F0522}
		{1E8B264E-D593-41C3-9307-3CB418868349} = {954F5D4F-83BB-4C60-A3FA-F667A2CEFA45}
		{B57CE2F4-39F6-4C27-ACF7-10BA22504D7B} = {26073B76-45B4-467E-B9DC-C6995BDC46F3}
		{B96CDBAC-F3A9-4B32-816C-7D56AA362103} = {0C0F53C2-D2F4-46DE-87FF-99AB7C1E85BF}
		{406FC91E-C6E0-4A18-8707-027BC1F4E74B} = {61AA9EFF-24E2-4AE9-AF4B-A426C0F4DC2A}
		{43439790-B99F-49D3-B870-506667D50012} = {65F74794-FACF-4C04-9F96-DAAD8B40EA8B}
	EndGlobalSection
	GlobalSection(ExtensibilityGlobals) = postSolution
		SolutionGuid = {4E4108C7-C321-4B49-952E-974413A87129}
	EndGlobalSection
EndGlobal
